// !$*UTF8*$!
{
	archiveVersion = 1;
	classes = {
	};
	objectVersion = 51;
	objects = {

/* Begin PBXBuildFile section */
		A1DA262D70D6EE1602A7E4CA /* Pods_Study_Amet_Movie.framework in Frameworks */ = {isa = PBXBuildFile; fileRef = AFA44048897645B67F9B1904 /* Pods_Study_Amet_Movie.framework */; };
		B30389B8298BFA910059C0B4 /* MovieListPresenter.swift in Sources */ = {isa = PBXBuildFile; fileRef = B30389B7298BFA910059C0B4 /* MovieListPresenter.swift */; };
		B30389BA298BFC1A0059C0B4 /* MovieErrorPresenter.swift in Sources */ = {isa = PBXBuildFile; fileRef = B30389B9298BFC1A0059C0B4 /* MovieErrorPresenter.swift */; };
		B30389BC298BFC2E0059C0B4 /* EmptyPresenter.swift in Sources */ = {isa = PBXBuildFile; fileRef = B30389BB298BFC2E0059C0B4 /* EmptyPresenter.swift */; };
		B30389BE298BFC400059C0B4 /* LoadingPresenter.swift in Sources */ = {isa = PBXBuildFile; fileRef = B30389BD298BFC400059C0B4 /* LoadingPresenter.swift */; };
		B304ECC1298C047700FE75F9 /* GetMovieSearchUseCase.swift in Sources */ = {isa = PBXBuildFile; fileRef = B304ECC0298C047700FE75F9 /* GetMovieSearchUseCase.swift */; };
		B33A5A91298AC192000B515C /* SceneDelegate.swift in Sources */ = {isa = PBXBuildFile; fileRef = B33A5A90298AC192000B515C /* SceneDelegate.swift */; };
		B33A5A98298AC193000B515C /* Assets.xcassets in Resources */ = {isa = PBXBuildFile; fileRef = B33A5A97298AC193000B515C /* Assets.xcassets */; };
		B33A5A9B298AC193000B515C /* LaunchScreen.storyboard in Resources */ = {isa = PBXBuildFile; fileRef = B33A5A99298AC193000B515C /* LaunchScreen.storyboard */; };
		B39B910D298BFDBC00A197B9 /* UIView+ActivityIndicator.swift in Sources */ = {isa = PBXBuildFile; fileRef = B39B910C298BFDBC00A197B9 /* UIView+ActivityIndicator.swift */; };
		B39B910F298BFE1900A197B9 /* UIView+Constraints.swift in Sources */ = {isa = PBXBuildFile; fileRef = B39B910E298BFE1900A197B9 /* UIView+Constraints.swift */; };
		B3FFC120298ACCBB00C6BCC8 /* MovieGateway.swift in Sources */ = {isa = PBXBuildFile; fileRef = B3FFC11F298ACCBB00C6BCC8 /* MovieGateway.swift */; };
		B3FFC122298ACCCB00C6BCC8 /* MovieMoyaGateway.swift in Sources */ = {isa = PBXBuildFile; fileRef = B3FFC121298ACCCB00C6BCC8 /* MovieMoyaGateway.swift */; };
		B3FFC126298ACD0B00C6BCC8 /* MovieService.swift in Sources */ = {isa = PBXBuildFile; fileRef = B3FFC125298ACD0B00C6BCC8 /* MovieService.swift */; };
		B3FFC129298AD25200C6BCC8 /* Constants.swift in Sources */ = {isa = PBXBuildFile; fileRef = B3FFC128298AD25200C6BCC8 /* Constants.swift */; };
		B3FFC12C298AD60000C6BCC8 /* Movie.swift in Sources */ = {isa = PBXBuildFile; fileRef = B3FFC12B298AD60000C6BCC8 /* Movie.swift */; };
		B3FFC12E298AD61700C6BCC8 /* MovieResult.swift in Sources */ = {isa = PBXBuildFile; fileRef = B3FFC12D298AD61700C6BCC8 /* MovieResult.swift */; };
		B3FFC130298AD83D00C6BCC8 /* MovieResultFailure.swift in Sources */ = {isa = PBXBuildFile; fileRef = B3FFC12F298AD83D00C6BCC8 /* MovieResultFailure.swift */; };
		B3FFC136298ADCA300C6BCC8 /* MovieError.swift in Sources */ = {isa = PBXBuildFile; fileRef = B3FFC135298ADCA300C6BCC8 /* MovieError.swift */; };
/* End PBXBuildFile section */

/* Begin PBXFileReference section */
		AFA44048897645B67F9B1904 /* Pods_Study_Amet_Movie.framework */ = {isa = PBXFileReference; explicitFileType = wrapper.framework; includeInIndex = 0; path = Pods_Study_Amet_Movie.framework; sourceTree = BUILT_PRODUCTS_DIR; };
		B30389B7298BFA910059C0B4 /* MovieListPresenter.swift */ = {isa = PBXFileReference; lastKnownFileType = sourcecode.swift; path = MovieListPresenter.swift; sourceTree = "<group>"; };
		B30389B9298BFC1A0059C0B4 /* MovieErrorPresenter.swift */ = {isa = PBXFileReference; lastKnownFileType = sourcecode.swift; path = MovieErrorPresenter.swift; sourceTree = "<group>"; };
		B30389BB298BFC2E0059C0B4 /* EmptyPresenter.swift */ = {isa = PBXFileReference; lastKnownFileType = sourcecode.swift; path = EmptyPresenter.swift; sourceTree = "<group>"; };
		B30389BD298BFC400059C0B4 /* LoadingPresenter.swift */ = {isa = PBXFileReference; lastKnownFileType = sourcecode.swift; path = LoadingPresenter.swift; sourceTree = "<group>"; };
		B304ECC0298C047700FE75F9 /* GetMovieSearchUseCase.swift */ = {isa = PBXFileReference; lastKnownFileType = sourcecode.swift; path = GetMovieSearchUseCase.swift; sourceTree = "<group>"; };
		B33A5A8B298AC192000B515C /* Study_Amet_Movie.app */ = {isa = PBXFileReference; explicitFileType = wrapper.application; includeInIndex = 0; path = Study_Amet_Movie.app; sourceTree = BUILT_PRODUCTS_DIR; };
		B33A5A90298AC192000B515C /* SceneDelegate.swift */ = {isa = PBXFileReference; lastKnownFileType = sourcecode.swift; path = SceneDelegate.swift; sourceTree = "<group>"; };
		B33A5A97298AC193000B515C /* Assets.xcassets */ = {isa = PBXFileReference; lastKnownFileType = folder.assetcatalog; path = Assets.xcassets; sourceTree = "<group>"; };
		B33A5A9A298AC193000B515C /* Base */ = {isa = PBXFileReference; lastKnownFileType = file.storyboard; name = Base; path = Base.lproj/LaunchScreen.storyboard; sourceTree = "<group>"; };
		B33A5A9C298AC193000B515C /* Info.plist */ = {isa = PBXFileReference; lastKnownFileType = text.plist.xml; path = Info.plist; sourceTree = "<group>"; };
		B39B910C298BFDBC00A197B9 /* UIView+ActivityIndicator.swift */ = {isa = PBXFileReference; lastKnownFileType = sourcecode.swift; path = "UIView+ActivityIndicator.swift"; sourceTree = "<group>"; };
		B39B910E298BFE1900A197B9 /* UIView+Constraints.swift */ = {isa = PBXFileReference; lastKnownFileType = sourcecode.swift; path = "UIView+Constraints.swift"; sourceTree = "<group>"; };
		B3FFC11F298ACCBB00C6BCC8 /* MovieGateway.swift */ = {isa = PBXFileReference; lastKnownFileType = sourcecode.swift; path = MovieGateway.swift; sourceTree = "<group>"; };
		B3FFC121298ACCCB00C6BCC8 /* MovieMoyaGateway.swift */ = {isa = PBXFileReference; lastKnownFileType = sourcecode.swift; path = MovieMoyaGateway.swift; sourceTree = "<group>"; };
		B3FFC125298ACD0B00C6BCC8 /* MovieService.swift */ = {isa = PBXFileReference; lastKnownFileType = sourcecode.swift; path = MovieService.swift; sourceTree = "<group>"; };
		B3FFC128298AD25200C6BCC8 /* Constants.swift */ = {isa = PBXFileReference; lastKnownFileType = sourcecode.swift; path = Constants.swift; sourceTree = "<group>"; };
		B3FFC12B298AD60000C6BCC8 /* Movie.swift */ = {isa = PBXFileReference; lastKnownFileType = sourcecode.swift; path = Movie.swift; sourceTree = "<group>"; };
		B3FFC12D298AD61700C6BCC8 /* MovieResult.swift */ = {isa = PBXFileReference; lastKnownFileType = sourcecode.swift; path = MovieResult.swift; sourceTree = "<group>"; };
		B3FFC12F298AD83D00C6BCC8 /* MovieResultFailure.swift */ = {isa = PBXFileReference; lastKnownFileType = sourcecode.swift; path = MovieResultFailure.swift; sourceTree = "<group>"; };
		B3FFC135298ADCA300C6BCC8 /* MovieError.swift */ = {isa = PBXFileReference; lastKnownFileType = sourcecode.swift; path = MovieError.swift; sourceTree = "<group>"; };
		DBEE80EAA161E1FCAEA04761 /* Pods-Study_Amet_Movie.release.xcconfig */ = {isa = PBXFileReference; includeInIndex = 1; lastKnownFileType = text.xcconfig; name = "Pods-Study_Amet_Movie.release.xcconfig"; path = "Target Support Files/Pods-Study_Amet_Movie/Pods-Study_Amet_Movie.release.xcconfig"; sourceTree = "<group>"; };
		E3E1A5DEFAF03829CD92D316 /* Pods-Study_Amet_Movie.debug.xcconfig */ = {isa = PBXFileReference; includeInIndex = 1; lastKnownFileType = text.xcconfig; name = "Pods-Study_Amet_Movie.debug.xcconfig"; path = "Target Support Files/Pods-Study_Amet_Movie/Pods-Study_Amet_Movie.debug.xcconfig"; sourceTree = "<group>"; };
/* End PBXFileReference section */

/* Begin PBXFrameworksBuildPhase section */
		B33A5A88298AC192000B515C /* Frameworks */ = {
			isa = PBXFrameworksBuildPhase;
			buildActionMask = 2147483647;
			files = (
				A1DA262D70D6EE1602A7E4CA /* Pods_Study_Amet_Movie.framework in Frameworks */,
			);
			runOnlyForDeploymentPostprocessing = 0;
		};
/* End PBXFrameworksBuildPhase section */

/* Begin PBXGroup section */
		50424D813F191EB8B82898B3 /* Frameworks */ = {
			isa = PBXGroup;
			children = (
				AFA44048897645B67F9B1904 /* Pods_Study_Amet_Movie.framework */,
			);
			name = Frameworks;
			sourceTree = "<group>";
		};
		B30389B5298BFA6E0059C0B4 /* Presenters */ = {
			isa = PBXGroup;
			children = (
				B30389B6298BFA7D0059C0B4 /* Movie */,
				B30389BB298BFC2E0059C0B4 /* EmptyPresenter.swift */,
				B30389BD298BFC400059C0B4 /* LoadingPresenter.swift */,
			);
			path = Presenters;
			sourceTree = "<group>";
		};
		B30389B6298BFA7D0059C0B4 /* Movie */ = {
			isa = PBXGroup;
			children = (
				B30389B7298BFA910059C0B4 /* MovieListPresenter.swift */,
				B30389B9298BFC1A0059C0B4 /* MovieErrorPresenter.swift */,
			);
			path = Movie;
			sourceTree = "<group>";
		};
		B304ECBF298C03C300FE75F9 /* UseCases */ = {
			isa = PBXGroup;
			children = (
				B304ECC0298C047700FE75F9 /* GetMovieSearchUseCase.swift */,
			);
			name = UseCases;
			sourceTree = "<group>";
		};
		B33A5A82298AC192000B515C = {
			isa = PBXGroup;
			children = (
				B33A5A8D298AC192000B515C /* Study_Amet_Movie */,
				B33A5A8C298AC192000B515C /* Products */,
				D8C97ABE73048C293C5E76B0 /* Pods */,
				50424D813F191EB8B82898B3 /* Frameworks */,
			);
			sourceTree = "<group>";
		};
		B33A5A8C298AC192000B515C /* Products */ = {
			isa = PBXGroup;
			children = (
				B33A5A8B298AC192000B515C /* Study_Amet_Movie.app */,
			);
			name = Products;
			sourceTree = "<group>";
		};
		B33A5A8D298AC192000B515C /* Study_Amet_Movie */ = {
			isa = PBXGroup;
			children = (
				B33A5A9C298AC193000B515C /* Info.plist */,
				B35AA8AD298AC21300C5B28F /* Startup */,
				B35AA8AC298AC20500C5B28F /* Resources */,
				B3FFC127298AD24400C6BCC8 /* Commons */,
				B3FFC12A298AD5F600C6BCC8 /* Models */,
				B3FFC11D298ACB7700C6BCC8 /* Request */,
				B30389B5298BFA6E0059C0B4 /* Presenters */,
				B304ECBF298C03C300FE75F9 /* UseCases */,
			);
			path = Study_Amet_Movie;
			sourceTree = "<group>";
		};
		B35AA8AC298AC20500C5B28F /* Resources */ = {
			isa = PBXGroup;
			children = (
				B33A5A97298AC193000B515C /* Assets.xcassets */,
				B33A5A99298AC193000B515C /* LaunchScreen.storyboard */,
			);
			path = Resources;
			sourceTree = "<group>";
		};
		B35AA8AD298AC21300C5B28F /* Startup */ = {
			isa = PBXGroup;
			children = (
				B33A5A90298AC192000B515C /* SceneDelegate.swift */,
			);
			path = Startup;
			sourceTree = "<group>";
		};
		B3FFC11D298ACB7700C6BCC8 /* Request */ = {
			isa = PBXGroup;
			children = (
				B3FFC133298ADC6D00C6BCC8 /* Movie */,
			);
			path = Request;
			sourceTree = "<group>";
		};
		B3FFC11E298ACB8600C6BCC8 /* Gateways */ = {
			isa = PBXGroup;
			children = (
				B3FFC123298ACCD900C6BCC8 /* Protocol */,
				B3FFC121298ACCCB00C6BCC8 /* MovieMoyaGateway.swift */,
			);
			path = Gateways;
			sourceTree = "<group>";
		};
		B3FFC123298ACCD900C6BCC8 /* Protocol */ = {
			isa = PBXGroup;
			children = (
				B3FFC11F298ACCBB00C6BCC8 /* MovieGateway.swift */,
			);
			path = Protocol;
			sourceTree = "<group>";
		};
		B3FFC124298ACCF800C6BCC8 /* Services */ = {
			isa = PBXGroup;
			children = (
				B3FFC125298ACD0B00C6BCC8 /* MovieService.swift */,
			);
			path = Services;
			sourceTree = "<group>";
		};
		B3FFC127298AD24400C6BCC8 /* Commons */ = {
			isa = PBXGroup;
			children = (
				B3FFC128298AD25200C6BCC8 /* Constants.swift */,
				B39B910C298BFDBC00A197B9 /* UIView+ActivityIndicator.swift */,
				B39B910E298BFE1900A197B9 /* UIView+Constraints.swift */,
			);
			path = Commons;
			sourceTree = "<group>";
		};
		B3FFC12A298AD5F600C6BCC8 /* Models */ = {
			isa = PBXGroup;
			children = (
				B3FFC12B298AD60000C6BCC8 /* Movie.swift */,
				B3FFC12D298AD61700C6BCC8 /* MovieResult.swift */,
				B3FFC12F298AD83D00C6BCC8 /* MovieResultFailure.swift */,
				B3FFC135298ADCA300C6BCC8 /* MovieError.swift */,
			);
			path = Models;
			sourceTree = "<group>";
		};
		B3FFC133298ADC6D00C6BCC8 /* Movie */ = {
			isa = PBXGroup;
			children = (
				B3FFC11E298ACB8600C6BCC8 /* Gateways */,
				B3FFC124298ACCF800C6BCC8 /* Services */,
			);
			path = Movie;
			sourceTree = "<group>";
		};
		D8C97ABE73048C293C5E76B0 /* Pods */ = {
			isa = PBXGroup;
			children = (
				E3E1A5DEFAF03829CD92D316 /* Pods-Study_Amet_Movie.debug.xcconfig */,
				DBEE80EAA161E1FCAEA04761 /* Pods-Study_Amet_Movie.release.xcconfig */,
			);
			path = Pods;
			sourceTree = "<group>";
		};
/* End PBXGroup section */

/* Begin PBXNativeTarget section */
		B33A5A8A298AC192000B515C /* Study_Amet_Movie */ = {
			isa = PBXNativeTarget;
			buildConfigurationList = B33A5A9F298AC193000B515C /* Build configuration list for PBXNativeTarget "Study_Amet_Movie" */;
			buildPhases = (
				27ABB63524A72CB5FF5A3FAB /* [CP] Check Pods Manifest.lock */,
				B33A5A87298AC192000B515C /* Sources */,
				B33A5A88298AC192000B515C /* Frameworks */,
				B33A5A89298AC192000B515C /* Resources */,
				365C14440621B39F69D7E146 /* [CP] Embed Pods Frameworks */,
			);
			buildRules = (
			);
			dependencies = (
			);
			name = Study_Amet_Movie;
			productName = Study_Amet_Movie;
			productReference = B33A5A8B298AC192000B515C /* Study_Amet_Movie.app */;
			productType = "com.apple.product-type.application";
		};
/* End PBXNativeTarget section */

/* Begin PBXProject section */
		B33A5A83298AC192000B515C /* Project object */ = {
			isa = PBXProject;
			attributes = {
				LastSwiftUpdateCheck = 1250;
				LastUpgradeCheck = 1250;
				TargetAttributes = {
					B33A5A8A298AC192000B515C = {
						CreatedOnToolsVersion = 12.5;
					};
				};
			};
			buildConfigurationList = B33A5A86298AC192000B515C /* Build configuration list for PBXProject "Study_Amet_Movie" */;
			compatibilityVersion = "Xcode 9.3";
			developmentRegion = en;
			hasScannedForEncodings = 0;
			knownRegions = (
				en,
				Base,
			);
			mainGroup = B33A5A82298AC192000B515C;
			productRefGroup = B33A5A8C298AC192000B515C /* Products */;
			projectDirPath = "";
			projectRoot = "";
			targets = (
				B33A5A8A298AC192000B515C /* Study_Amet_Movie */,
			);
		};
/* End PBXProject section */

/* Begin PBXResourcesBuildPhase section */
		B33A5A89298AC192000B515C /* Resources */ = {
			isa = PBXResourcesBuildPhase;
			buildActionMask = 2147483647;
			files = (
				B33A5A9B298AC193000B515C /* LaunchScreen.storyboard in Resources */,
				B33A5A98298AC193000B515C /* Assets.xcassets in Resources */,
			);
			runOnlyForDeploymentPostprocessing = 0;
		};
/* End PBXResourcesBuildPhase section */

/* Begin PBXShellScriptBuildPhase section */
		27ABB63524A72CB5FF5A3FAB /* [CP] Check Pods Manifest.lock */ = {
			isa = PBXShellScriptBuildPhase;
			buildActionMask = 2147483647;
			files = (
			);
			inputFileListPaths = (
			);
			inputPaths = (
				"${PODS_PODFILE_DIR_PATH}/Podfile.lock",
				"${PODS_ROOT}/Manifest.lock",
			);
			name = "[CP] Check Pods Manifest.lock";
			outputFileListPaths = (
			);
			outputPaths = (
				"$(DERIVED_FILE_DIR)/Pods-Study_Amet_Movie-checkManifestLockResult.txt",
			);
			runOnlyForDeploymentPostprocessing = 0;
			shellPath = /bin/sh;
			shellScript = "diff \"${PODS_PODFILE_DIR_PATH}/Podfile.lock\" \"${PODS_ROOT}/Manifest.lock\" > /dev/null\nif [ $? != 0 ] ; then\n    # print error to STDERR\n    echo \"error: The sandbox is not in sync with the Podfile.lock. Run 'pod install' or update your CocoaPods installation.\" >&2\n    exit 1\nfi\n# This output is used by Xcode 'outputs' to avoid re-running this script phase.\necho \"SUCCESS\" > \"${SCRIPT_OUTPUT_FILE_0}\"\n";
			showEnvVarsInLog = 0;
		};
		365C14440621B39F69D7E146 /* [CP] Embed Pods Frameworks */ = {
			isa = PBXShellScriptBuildPhase;
			buildActionMask = 2147483647;
			files = (
			);
			inputFileListPaths = (
				"${PODS_ROOT}/Target Support Files/Pods-Study_Amet_Movie/Pods-Study_Amet_Movie-frameworks-${CONFIGURATION}-input-files.xcfilelist",
			);
			name = "[CP] Embed Pods Frameworks";
			outputFileListPaths = (
				"${PODS_ROOT}/Target Support Files/Pods-Study_Amet_Movie/Pods-Study_Amet_Movie-frameworks-${CONFIGURATION}-output-files.xcfilelist",
			);
			runOnlyForDeploymentPostprocessing = 0;
			shellPath = /bin/sh;
			shellScript = "\"${PODS_ROOT}/Target Support Files/Pods-Study_Amet_Movie/Pods-Study_Amet_Movie-frameworks.sh\"\n";
			showEnvVarsInLog = 0;
		};
/* End PBXShellScriptBuildPhase section */

/* Begin PBXSourcesBuildPhase section */
		B33A5A87298AC192000B515C /* Sources */ = {
			isa = PBXSourcesBuildPhase;
			buildActionMask = 2147483647;
			files = (
				B3FFC12E298AD61700C6BCC8 /* MovieResult.swift in Sources */,
				B3FFC129298AD25200C6BCC8 /* Constants.swift in Sources */,
				B30389BC298BFC2E0059C0B4 /* EmptyPresenter.swift in Sources */,
				B3FFC130298AD83D00C6BCC8 /* MovieResultFailure.swift in Sources */,
				B33A5A91298AC192000B515C /* SceneDelegate.swift in Sources */,
				B304ECC1298C047700FE75F9 /* GetMovieSearchUseCase.swift in Sources */,
				B39B910D298BFDBC00A197B9 /* UIView+ActivityIndicator.swift in Sources */,
				B3FFC12C298AD60000C6BCC8 /* Movie.swift in Sources */,
				B3FFC122298ACCCB00C6BCC8 /* MovieMoyaGateway.swift in Sources */,
				B30389BE298BFC400059C0B4 /* LoadingPresenter.swift in Sources */,
				B3FFC126298ACD0B00C6BCC8 /* MovieService.swift in Sources */,
				B30389BA298BFC1A0059C0B4 /* MovieErrorPresenter.swift in Sources */,
				B3FFC120298ACCBB00C6BCC8 /* MovieGateway.swift in Sources */,
				B39B910F298BFE1900A197B9 /* UIView+Constraints.swift in Sources */,
				B3FFC136298ADCA300C6BCC8 /* MovieError.swift in Sources */,
				B30389B8298BFA910059C0B4 /* MovieListPresenter.swift in Sources */,
			);
			runOnlyForDeploymentPostprocessing = 0;
		};
/* End PBXSourcesBuildPhase section */

/* Begin PBXVariantGroup section */
		B33A5A99298AC193000B515C /* LaunchScreen.storyboard */ = {
			isa = PBXVariantGroup;
			children = (
				B33A5A9A298AC193000B515C /* Base */,
			);
			name = LaunchScreen.storyboard;
			sourceTree = "<group>";
		};
/* End PBXVariantGroup section */

/* Begin XCBuildConfiguration section */
		B33A5A9D298AC193000B515C /* Debug */ = {
			isa = XCBuildConfiguration;
			buildSettings = {
				ALWAYS_SEARCH_USER_PATHS = NO;
				CLANG_ANALYZER_NONNULL = YES;
				CLANG_ANALYZER_NUMBER_OBJECT_CONVERSION = YES_AGGRESSIVE;
				CLANG_CXX_LANGUAGE_STANDARD = "gnu++14";
				CLANG_CXX_LIBRARY = "libc++";
				CLANG_ENABLE_MODULES = YES;
				CLANG_ENABLE_OBJC_ARC = YES;
				CLANG_ENABLE_OBJC_WEAK = YES;
				CLANG_WARN_BLOCK_CAPTURE_AUTORELEASING = YES;
				CLANG_WARN_BOOL_CONVERSION = YES;
				CLANG_WARN_COMMA = YES;
				CLANG_WARN_CONSTANT_CONVERSION = YES;
				CLANG_WARN_DEPRECATED_OBJC_IMPLEMENTATIONS = YES;
				CLANG_WARN_DIRECT_OBJC_ISA_USAGE = YES_ERROR;
				CLANG_WARN_DOCUMENTATION_COMMENTS = YES;
				CLANG_WARN_EMPTY_BODY = YES;
				CLANG_WARN_ENUM_CONVERSION = YES;
				CLANG_WARN_INFINITE_RECURSION = YES;
				CLANG_WARN_INT_CONVERSION = YES;
				CLANG_WARN_NON_LITERAL_NULL_CONVERSION = YES;
				CLANG_WARN_OBJC_IMPLICIT_RETAIN_SELF = YES;
				CLANG_WARN_OBJC_LITERAL_CONVERSION = YES;
				CLANG_WARN_OBJC_ROOT_CLASS = YES_ERROR;
				CLANG_WARN_QUOTED_INCLUDE_IN_FRAMEWORK_HEADER = YES;
				CLANG_WARN_RANGE_LOOP_ANALYSIS = YES;
				CLANG_WARN_STRICT_PROTOTYPES = YES;
				CLANG_WARN_SUSPICIOUS_MOVE = YES;
				CLANG_WARN_UNGUARDED_AVAILABILITY = YES_AGGRESSIVE;
				CLANG_WARN_UNREACHABLE_CODE = YES;
				CLANG_WARN__DUPLICATE_METHOD_MATCH = YES;
				COPY_PHASE_STRIP = NO;
				DEBUG_INFORMATION_FORMAT = dwarf;
				ENABLE_STRICT_OBJC_MSGSEND = YES;
				ENABLE_TESTABILITY = YES;
				GCC_C_LANGUAGE_STANDARD = gnu11;
				GCC_DYNAMIC_NO_PIC = NO;
				GCC_NO_COMMON_BLOCKS = YES;
				GCC_OPTIMIZATION_LEVEL = 0;
				GCC_PREPROCESSOR_DEFINITIONS = (
					"DEBUG=1",
					"$(inherited)",
				);
				GCC_WARN_64_TO_32_BIT_CONVERSION = YES;
				GCC_WARN_ABOUT_RETURN_TYPE = YES_ERROR;
				GCC_WARN_UNDECLARED_SELECTOR = YES;
				GCC_WARN_UNINITIALIZED_AUTOS = YES_AGGRESSIVE;
				GCC_WARN_UNUSED_FUNCTION = YES;
				GCC_WARN_UNUSED_VARIABLE = YES;
				IPHONEOS_DEPLOYMENT_TARGET = 14.5;
				MTL_ENABLE_DEBUG_INFO = INCLUDE_SOURCE;
				MTL_FAST_MATH = YES;
				ONLY_ACTIVE_ARCH = YES;
				SDKROOT = iphoneos;
				SWIFT_ACTIVE_COMPILATION_CONDITIONS = DEBUG;
				SWIFT_OPTIMIZATION_LEVEL = "-Onone";
			};
			name = Debug;
		};
		B33A5A9E298AC193000B515C /* Release */ = {
			isa = XCBuildConfiguration;
			buildSettings = {
				ALWAYS_SEARCH_USER_PATHS = NO;
				CLANG_ANALYZER_NONNULL = YES;
				CLANG_ANALYZER_NUMBER_OBJECT_CONVERSION = YES_AGGRESSIVE;
				CLANG_CXX_LANGUAGE_STANDARD = "gnu++14";
				CLANG_CXX_LIBRARY = "libc++";
				CLANG_ENABLE_MODULES = YES;
				CLANG_ENABLE_OBJC_ARC = YES;
				CLANG_ENABLE_OBJC_WEAK = YES;
				CLANG_WARN_BLOCK_CAPTURE_AUTORELEASING = YES;
				CLANG_WARN_BOOL_CONVERSION = YES;
				CLANG_WARN_COMMA = YES;
				CLANG_WARN_CONSTANT_CONVERSION = YES;
				CLANG_WARN_DEPRECATED_OBJC_IMPLEMENTATIONS = YES;
				CLANG_WARN_DIRECT_OBJC_ISA_USAGE = YES_ERROR;
				CLANG_WARN_DOCUMENTATION_COMMENTS = YES;
				CLANG_WARN_EMPTY_BODY = YES;
				CLANG_WARN_ENUM_CONVERSION = YES;
				CLANG_WARN_INFINITE_RECURSION = YES;
				CLANG_WARN_INT_CONVERSION = YES;
				CLANG_WARN_NON_LITERAL_NULL_CONVERSION = YES;
				CLANG_WARN_OBJC_IMPLICIT_RETAIN_SELF = YES;
				CLANG_WARN_OBJC_LITERAL_CONVERSION = YES;
				CLANG_WARN_OBJC_ROOT_CLASS = YES_ERROR;
				CLANG_WARN_QUOTED_INCLUDE_IN_FRAMEWORK_HEADER = YES;
				CLANG_WARN_RANGE_LOOP_ANALYSIS = YES;
				CLANG_WARN_STRICT_PROTOTYPES = YES;
				CLANG_WARN_SUSPICIOUS_MOVE = YES;
				CLANG_WARN_UNGUARDED_AVAILABILITY = YES_AGGRESSIVE;
				CLANG_WARN_UNREACHABLE_CODE = YES;
				CLANG_WARN__DUPLICATE_METHOD_MATCH = YES;
				COPY_PHASE_STRIP = NO;
				DEBUG_INFORMATION_FORMAT = "dwarf-with-dsym";
				ENABLE_NS_ASSERTIONS = NO;
				ENABLE_STRICT_OBJC_MSGSEND = YES;
				GCC_C_LANGUAGE_STANDARD = gnu11;
				GCC_NO_COMMON_BLOCKS = YES;
				GCC_WARN_64_TO_32_BIT_CONVERSION = YES;
				GCC_WARN_ABOUT_RETURN_TYPE = YES_ERROR;
				GCC_WARN_UNDECLARED_SELECTOR = YES;
				GCC_WARN_UNINITIALIZED_AUTOS = YES_AGGRESSIVE;
				GCC_WARN_UNUSED_FUNCTION = YES;
				GCC_WARN_UNUSED_VARIABLE = YES;
				IPHONEOS_DEPLOYMENT_TARGET = 14.5;
				MTL_ENABLE_DEBUG_INFO = NO;
				MTL_FAST_MATH = YES;
				SDKROOT = iphoneos;
				SWIFT_COMPILATION_MODE = wholemodule;
				SWIFT_OPTIMIZATION_LEVEL = "-O";
				VALIDATE_PRODUCT = YES;
			};
			name = Release;
		};
		B33A5AA0298AC193000B515C /* Debug */ = {
			isa = XCBuildConfiguration;
			baseConfigurationReference = E3E1A5DEFAF03829CD92D316 /* Pods-Study_Amet_Movie.debug.xcconfig */;
			buildSettings = {
				ASSETCATALOG_COMPILER_APPICON_NAME = AppIcon;
				ASSETCATALOG_COMPILER_GLOBAL_ACCENT_COLOR_NAME = AccentColor;
				CODE_SIGN_STYLE = Automatic;
				DEVELOPMENT_TEAM = 383BHFC3TN;
				INFOPLIST_FILE = Study_Amet_Movie/Info.plist;
				LD_RUNPATH_SEARCH_PATHS = (
					"$(inherited)",
					"@executable_path/Frameworks",
				);
				PRODUCT_BUNDLE_IDENTIFIER = "com.leozin.Study-Amet-Movie";
				PRODUCT_NAME = "$(TARGET_NAME)";
				SWIFT_VERSION = 5.0;
				TARGETED_DEVICE_FAMILY = "1,2";
			};
			name = Debug;
		};
		B33A5AA1298AC193000B515C /* Release */ = {
			isa = XCBuildConfiguration;
			baseConfigurationReference = DBEE80EAA161E1FCAEA04761 /* Pods-Study_Amet_Movie.release.xcconfig */;
			buildSettings = {
				ASSETCATALOG_COMPILER_APPICON_NAME = AppIcon;
				ASSETCATALOG_COMPILER_GLOBAL_ACCENT_COLOR_NAME = AccentColor;
				CODE_SIGN_STYLE = Automatic;
				DEVELOPMENT_TEAM = 383BHFC3TN;
				INFOPLIST_FILE = Study_Amet_Movie/Info.plist;
				LD_RUNPATH_SEARCH_PATHS = (
					"$(inherited)",
					"@executable_path/Frameworks",
				);
				PRODUCT_BUNDLE_IDENTIFIER = "com.leozin.Study-Amet-Movie";
				PRODUCT_NAME = "$(TARGET_NAME)";
				SWIFT_VERSION = 5.0;
				TARGETED_DEVICE_FAMILY = "1,2";
			};
			name = Release;
		};
/* End XCBuildConfiguration section */

/* Begin XCConfigurationList section */
		B33A5A86298AC192000B515C /* Build configuration list for PBXProject "Study_Amet_Movie" */ = {
			isa = XCConfigurationList;
			buildConfigurations = (
				B33A5A9D298AC193000B515C /* Debug */,
				B33A5A9E298AC193000B515C /* Release */,
			);
			defaultConfigurationIsVisible = 0;
			defaultConfigurationName = Release;
		};
		B33A5A9F298AC193000B515C /* Build configuration list for PBXNativeTarget "Study_Amet_Movie" */ = {
			isa = XCConfigurationList;
			buildConfigurations = (
				B33A5AA0298AC193000B515C /* Debug */,
				B33A5AA1298AC193000B515C /* Release */,
			);
			defaultConfigurationIsVisible = 0;
			defaultConfigurationName = Release;
		};
/* End XCConfigurationList section */
	};
	rootObject = B33A5A83298AC192000B515C /* Project object */;
}
