// !$*UTF8*$!
{
	archiveVersion = 1;
	classes = {
	};
	objectVersion = 54;
	objects = {

/* Begin PBXBuildFile section */
		1E4FAF9B9D4748AEEE46F98E /* Pods_Study_Amet_Movie_Study_Amet_MovieUnitTests.framework in Frameworks */ = {isa = PBXBuildFile; fileRef = 0739E54C8FE1CEA756FB4A86 /* Pods_Study_Amet_Movie_Study_Amet_MovieUnitTests.framework */; };
		660801DC0B1B726D30343AF4 /* Pods_Study_Amet_Movie.framework in Frameworks */ = {isa = PBXBuildFile; fileRef = 9954D3F22DF9F6AFA7556240 /* Pods_Study_Amet_Movie.framework */; };
		B30389B8298BFA910059C0B4 /* MovieListPresenter.swift in Sources */ = {isa = PBXBuildFile; fileRef = B30389B7298BFA910059C0B4 /* MovieListPresenter.swift */; };
		B30389BA298BFC1A0059C0B4 /* MovieErrorPresenter.swift in Sources */ = {isa = PBXBuildFile; fileRef = B30389B9298BFC1A0059C0B4 /* MovieErrorPresenter.swift */; };
		B30389BC298BFC2E0059C0B4 /* EmptyPresenter.swift in Sources */ = {isa = PBXBuildFile; fileRef = B30389BB298BFC2E0059C0B4 /* EmptyPresenter.swift */; };
		B30389BE298BFC400059C0B4 /* LoadingPresenter.swift in Sources */ = {isa = PBXBuildFile; fileRef = B30389BD298BFC400059C0B4 /* LoadingPresenter.swift */; };
		B304ECC1298C047700FE75F9 /* GetMovieSearchUseCase.swift in Sources */ = {isa = PBXBuildFile; fileRef = B304ECC0298C047700FE75F9 /* GetMovieSearchUseCase.swift */; };
		B319D77A298D6AEB00CABBF9 /* MovieCollectionCell.swift in Sources */ = {isa = PBXBuildFile; fileRef = B319D779298D6AEB00CABBF9 /* MovieCollectionCell.swift */; };
		B33A5A91298AC192000B515C /* SceneDelegate.swift in Sources */ = {isa = PBXBuildFile; fileRef = B33A5A90298AC192000B515C /* SceneDelegate.swift */; };
		B33A5A98298AC193000B515C /* Assets.xcassets in Resources */ = {isa = PBXBuildFile; fileRef = B33A5A97298AC193000B515C /* Assets.xcassets */; };
		B33A5A9B298AC193000B515C /* LaunchScreen.storyboard in Resources */ = {isa = PBXBuildFile; fileRef = B33A5A99298AC193000B515C /* LaunchScreen.storyboard */; };
		B34CF66A2998053A00AAA6DA /* Result.swift in Sources */ = {isa = PBXBuildFile; fileRef = B34CF6692998053A00AAA6DA /* Result.swift */; };
		B34CF66D2998113300AAA6DA /* Movie+Fixture.swift in Sources */ = {isa = PBXBuildFile; fileRef = B34CF66C2998113300AAA6DA /* Movie+Fixture.swift */; };
		B34CF66F2998115100AAA6DA /* MovieResult+Fixture.swift in Sources */ = {isa = PBXBuildFile; fileRef = B34CF66E2998115100AAA6DA /* MovieResult+Fixture.swift */; };
		B34CF672299813C800AAA6DA /* MovieGatewayMock.swift in Sources */ = {isa = PBXBuildFile; fileRef = B34CF671299813C800AAA6DA /* MovieGatewayMock.swift */; };
		B34CF6752998166600AAA6DA /* MovieListPresenterSpy.swift in Sources */ = {isa = PBXBuildFile; fileRef = B34CF6742998166600AAA6DA /* MovieListPresenterSpy.swift */; };
		B367FEF8298D31F100B555EC /* MovieListViewController.swift in Sources */ = {isa = PBXBuildFile; fileRef = B367FEF7298D31F100B555EC /* MovieListViewController.swift */; };
		B367FEFA298D496600B555EC /* Space.swift in Sources */ = {isa = PBXBuildFile; fileRef = B367FEF9298D496600B555EC /* Space.swift */; };
		B3883A26299109C0000C30A5 /* MovieViewStateView.swift in Sources */ = {isa = PBXBuildFile; fileRef = B3883A25299109C0000C30A5 /* MovieViewStateView.swift */; };
		B3883A2829910A08000C30A5 /* MovieViewState.swift in Sources */ = {isa = PBXBuildFile; fileRef = B3883A2729910A08000C30A5 /* MovieViewState.swift */; };
		B3883A2A2991161F000C30A5 /* NSLayoutConstraint+Priority.swift in Sources */ = {isa = PBXBuildFile; fileRef = B3883A292991161F000C30A5 /* NSLayoutConstraint+Priority.swift */; };
		B39B910D298BFDBC00A197B9 /* UIView+ActivityIndicator.swift in Sources */ = {isa = PBXBuildFile; fileRef = B39B910C298BFDBC00A197B9 /* UIView+ActivityIndicator.swift */; };
		B39B910F298BFE1900A197B9 /* UIView+Constraints.swift in Sources */ = {isa = PBXBuildFile; fileRef = B39B910E298BFE1900A197B9 /* UIView+Constraints.swift */; };
		B39BD7902996F5B60026C93A /* GetMovieSearchUseCaseSpec.swift in Sources */ = {isa = PBXBuildFile; fileRef = B39BD78F2996F5B60026C93A /* GetMovieSearchUseCaseSpec.swift */; };
		B3A76495298C599600A94133 /* Coordinator.swift in Sources */ = {isa = PBXBuildFile; fileRef = B3A76494298C599600A94133 /* Coordinator.swift */; };
		B3A76497298C59A400A94133 /* ApplicationCoordinator.swift in Sources */ = {isa = PBXBuildFile; fileRef = B3A76496298C59A400A94133 /* ApplicationCoordinator.swift */; };
		B3A76499298C59BC00A94133 /* MovieListCoordinator.swift in Sources */ = {isa = PBXBuildFile; fileRef = B3A76498298C59BC00A94133 /* MovieListCoordinator.swift */; };
		B3C115A02993D53D00C6BE61 /* API.strings in Resources */ = {isa = PBXBuildFile; fileRef = B3C1159F2993D53D00C6BE61 /* API.strings */; };
		B3C115A42993D59700C6BE61 /* R.generated.swift in Sources */ = {isa = PBXBuildFile; fileRef = B3C115A32993D59700C6BE61 /* R.generated.swift */; };
		B3C115A62993E42400C6BE61 /* Error.strings in Resources */ = {isa = PBXBuildFile; fileRef = B3C115A52993E42400C6BE61 /* Error.strings */; };
		B3C115A82993E50600C6BE61 /* MovieList.strings in Resources */ = {isa = PBXBuildFile; fileRef = B3C115A72993E50600C6BE61 /* MovieList.strings */; };
		B3C115AA2993E81B00C6BE61 /* MovieViewState.strings in Resources */ = {isa = PBXBuildFile; fileRef = B3C115A92993E81B00C6BE61 /* MovieViewState.strings */; };
		B3C8E10F298FD98F00118C7E /* MovieViewModel.swift in Sources */ = {isa = PBXBuildFile; fileRef = B3C8E10E298FD98F00118C7E /* MovieViewModel.swift */; };
		B3F87583298E85FF00604AC4 /* Reusable.swift in Sources */ = {isa = PBXBuildFile; fileRef = B3F87582298E85FF00604AC4 /* Reusable.swift */; };
		B3F87586298E88AE00604AC4 /* MovieListDataSource.swift in Sources */ = {isa = PBXBuildFile; fileRef = B3F87585298E88AE00604AC4 /* MovieListDataSource.swift */; };
		B3F87588298E8AC100604AC4 /* UICollectionView+Reusable.swift in Sources */ = {isa = PBXBuildFile; fileRef = B3F87587298E8AC100604AC4 /* UICollectionView+Reusable.swift */; };
		B3FFC120298ACCBB00C6BCC8 /* MovieGateway.swift in Sources */ = {isa = PBXBuildFile; fileRef = B3FFC11F298ACCBB00C6BCC8 /* MovieGateway.swift */; };
		B3FFC122298ACCCB00C6BCC8 /* MovieMoyaGateway.swift in Sources */ = {isa = PBXBuildFile; fileRef = B3FFC121298ACCCB00C6BCC8 /* MovieMoyaGateway.swift */; };
		B3FFC126298ACD0B00C6BCC8 /* MovieService.swift in Sources */ = {isa = PBXBuildFile; fileRef = B3FFC125298ACD0B00C6BCC8 /* MovieService.swift */; };
		B3FFC12C298AD60000C6BCC8 /* Movie.swift in Sources */ = {isa = PBXBuildFile; fileRef = B3FFC12B298AD60000C6BCC8 /* Movie.swift */; };
		B3FFC12E298AD61700C6BCC8 /* MovieResult.swift in Sources */ = {isa = PBXBuildFile; fileRef = B3FFC12D298AD61700C6BCC8 /* MovieResult.swift */; };
		B3FFC130298AD83D00C6BCC8 /* MovieResultFailure.swift in Sources */ = {isa = PBXBuildFile; fileRef = B3FFC12F298AD83D00C6BCC8 /* MovieResultFailure.swift */; };
		B3FFC136298ADCA300C6BCC8 /* MovieError.swift in Sources */ = {isa = PBXBuildFile; fileRef = B3FFC135298ADCA300C6BCC8 /* MovieError.swift */; };
/* End PBXBuildFile section */

/* Begin PBXContainerItemProxy section */
		B39BD7922996F5B60026C93A /* PBXContainerItemProxy */ = {
			isa = PBXContainerItemProxy;
			containerPortal = B33A5A83298AC192000B515C /* Project object */;
			proxyType = 1;
			remoteGlobalIDString = B33A5A8A298AC192000B515C;
			remoteInfo = Study_Amet_Movie;
		};
/* End PBXContainerItemProxy section */

/* Begin PBXFileReference section */
		0739E54C8FE1CEA756FB4A86 /* Pods_Study_Amet_Movie_Study_Amet_MovieUnitTests.framework */ = {isa = PBXFileReference; explicitFileType = wrapper.framework; includeInIndex = 0; path = Pods_Study_Amet_Movie_Study_Amet_MovieUnitTests.framework; sourceTree = BUILT_PRODUCTS_DIR; };
		0986534DFFB8DBE375BFCE42 /* Pods-Study_Amet_Movie.debug.xcconfig */ = {isa = PBXFileReference; includeInIndex = 1; lastKnownFileType = text.xcconfig; name = "Pods-Study_Amet_Movie.debug.xcconfig"; path = "Target Support Files/Pods-Study_Amet_Movie/Pods-Study_Amet_Movie.debug.xcconfig"; sourceTree = "<group>"; };
		12BF91645831DE8F22E4E549 /* Pods-Study_Amet_Movie.release.xcconfig */ = {isa = PBXFileReference; includeInIndex = 1; lastKnownFileType = text.xcconfig; name = "Pods-Study_Amet_Movie.release.xcconfig"; path = "Target Support Files/Pods-Study_Amet_Movie/Pods-Study_Amet_Movie.release.xcconfig"; sourceTree = "<group>"; };
		150514FB32C1B35F27206B4D /* Pods-Study_Amet_Movie-Study_Amet_MovieUnitTests.release.xcconfig */ = {isa = PBXFileReference; includeInIndex = 1; lastKnownFileType = text.xcconfig; name = "Pods-Study_Amet_Movie-Study_Amet_MovieUnitTests.release.xcconfig"; path = "Target Support Files/Pods-Study_Amet_Movie-Study_Amet_MovieUnitTests/Pods-Study_Amet_Movie-Study_Amet_MovieUnitTests.release.xcconfig"; sourceTree = "<group>"; };
		8BAE1CF63FF8F67924058C2C /* Pods-Study_Amet_Movie-Study_Amet_MovieUnitTests.debug.xcconfig */ = {isa = PBXFileReference; includeInIndex = 1; lastKnownFileType = text.xcconfig; name = "Pods-Study_Amet_Movie-Study_Amet_MovieUnitTests.debug.xcconfig"; path = "Target Support Files/Pods-Study_Amet_Movie-Study_Amet_MovieUnitTests/Pods-Study_Amet_Movie-Study_Amet_MovieUnitTests.debug.xcconfig"; sourceTree = "<group>"; };
		9954D3F22DF9F6AFA7556240 /* Pods_Study_Amet_Movie.framework */ = {isa = PBXFileReference; explicitFileType = wrapper.framework; includeInIndex = 0; path = Pods_Study_Amet_Movie.framework; sourceTree = BUILT_PRODUCTS_DIR; };
		B30389B7298BFA910059C0B4 /* MovieListPresenter.swift */ = {isa = PBXFileReference; lastKnownFileType = sourcecode.swift; path = MovieListPresenter.swift; sourceTree = "<group>"; };
		B30389B9298BFC1A0059C0B4 /* MovieErrorPresenter.swift */ = {isa = PBXFileReference; lastKnownFileType = sourcecode.swift; path = MovieErrorPresenter.swift; sourceTree = "<group>"; };
		B30389BB298BFC2E0059C0B4 /* EmptyPresenter.swift */ = {isa = PBXFileReference; lastKnownFileType = sourcecode.swift; path = EmptyPresenter.swift; sourceTree = "<group>"; };
		B30389BD298BFC400059C0B4 /* LoadingPresenter.swift */ = {isa = PBXFileReference; lastKnownFileType = sourcecode.swift; path = LoadingPresenter.swift; sourceTree = "<group>"; };
		B304ECC0298C047700FE75F9 /* GetMovieSearchUseCase.swift */ = {isa = PBXFileReference; lastKnownFileType = sourcecode.swift; path = GetMovieSearchUseCase.swift; sourceTree = "<group>"; };
		B319D779298D6AEB00CABBF9 /* MovieCollectionCell.swift */ = {isa = PBXFileReference; lastKnownFileType = sourcecode.swift; path = MovieCollectionCell.swift; sourceTree = "<group>"; };
		B33A5A8B298AC192000B515C /* Study_Amet_Movie.app */ = {isa = PBXFileReference; explicitFileType = wrapper.application; includeInIndex = 0; path = Study_Amet_Movie.app; sourceTree = BUILT_PRODUCTS_DIR; };
		B33A5A90298AC192000B515C /* SceneDelegate.swift */ = {isa = PBXFileReference; lastKnownFileType = sourcecode.swift; path = SceneDelegate.swift; sourceTree = "<group>"; };
		B33A5A97298AC193000B515C /* Assets.xcassets */ = {isa = PBXFileReference; lastKnownFileType = folder.assetcatalog; path = Assets.xcassets; sourceTree = "<group>"; };
		B33A5A9A298AC193000B515C /* Base */ = {isa = PBXFileReference; lastKnownFileType = file.storyboard; name = Base; path = Base.lproj/LaunchScreen.storyboard; sourceTree = "<group>"; };
		B33A5A9C298AC193000B515C /* Info.plist */ = {isa = PBXFileReference; lastKnownFileType = text.plist.xml; path = Info.plist; sourceTree = "<group>"; };
		B34CF6692998053A00AAA6DA /* Result.swift */ = {isa = PBXFileReference; lastKnownFileType = sourcecode.swift; path = Result.swift; sourceTree = "<group>"; };
		B34CF66C2998113300AAA6DA /* Movie+Fixture.swift */ = {isa = PBXFileReference; lastKnownFileType = sourcecode.swift; path = "Movie+Fixture.swift"; sourceTree = "<group>"; };
		B34CF66E2998115100AAA6DA /* MovieResult+Fixture.swift */ = {isa = PBXFileReference; lastKnownFileType = sourcecode.swift; path = "MovieResult+Fixture.swift"; sourceTree = "<group>"; };
		B34CF671299813C800AAA6DA /* MovieGatewayMock.swift */ = {isa = PBXFileReference; lastKnownFileType = sourcecode.swift; path = MovieGatewayMock.swift; sourceTree = "<group>"; };
		B34CF6742998166600AAA6DA /* MovieListPresenterSpy.swift */ = {isa = PBXFileReference; lastKnownFileType = sourcecode.swift; path = MovieListPresenterSpy.swift; sourceTree = "<group>"; };
		B367FEF7298D31F100B555EC /* MovieListViewController.swift */ = {isa = PBXFileReference; lastKnownFileType = sourcecode.swift; path = MovieListViewController.swift; sourceTree = "<group>"; };
		B367FEF9298D496600B555EC /* Space.swift */ = {isa = PBXFileReference; lastKnownFileType = sourcecode.swift; path = Space.swift; sourceTree = "<group>"; };
		B3883A25299109C0000C30A5 /* MovieViewStateView.swift */ = {isa = PBXFileReference; lastKnownFileType = sourcecode.swift; path = MovieViewStateView.swift; sourceTree = "<group>"; };
		B3883A2729910A08000C30A5 /* MovieViewState.swift */ = {isa = PBXFileReference; lastKnownFileType = sourcecode.swift; path = MovieViewState.swift; sourceTree = "<group>"; };
		B3883A292991161F000C30A5 /* NSLayoutConstraint+Priority.swift */ = {isa = PBXFileReference; lastKnownFileType = sourcecode.swift; path = "NSLayoutConstraint+Priority.swift"; sourceTree = "<group>"; };
		B39B910C298BFDBC00A197B9 /* UIView+ActivityIndicator.swift */ = {isa = PBXFileReference; lastKnownFileType = sourcecode.swift; path = "UIView+ActivityIndicator.swift"; sourceTree = "<group>"; };
		B39B910E298BFE1900A197B9 /* UIView+Constraints.swift */ = {isa = PBXFileReference; lastKnownFileType = sourcecode.swift; path = "UIView+Constraints.swift"; sourceTree = "<group>"; };
		B39BD78D2996F5B60026C93A /* Study_Amet_MovieUnitTests.xctest */ = {isa = PBXFileReference; explicitFileType = wrapper.cfbundle; includeInIndex = 0; path = Study_Amet_MovieUnitTests.xctest; sourceTree = BUILT_PRODUCTS_DIR; };
		B39BD78F2996F5B60026C93A /* GetMovieSearchUseCaseSpec.swift */ = {isa = PBXFileReference; lastKnownFileType = sourcecode.swift; path = GetMovieSearchUseCaseSpec.swift; sourceTree = "<group>"; };
		B39BD7912996F5B60026C93A /* Info.plist */ = {isa = PBXFileReference; lastKnownFileType = text.plist.xml; path = Info.plist; sourceTree = "<group>"; };
		B3A76494298C599600A94133 /* Coordinator.swift */ = {isa = PBXFileReference; lastKnownFileType = sourcecode.swift; path = Coordinator.swift; sourceTree = "<group>"; };
		B3A76496298C59A400A94133 /* ApplicationCoordinator.swift */ = {isa = PBXFileReference; lastKnownFileType = sourcecode.swift; path = ApplicationCoordinator.swift; sourceTree = "<group>"; };
		B3A76498298C59BC00A94133 /* MovieListCoordinator.swift */ = {isa = PBXFileReference; lastKnownFileType = sourcecode.swift; path = MovieListCoordinator.swift; sourceTree = "<group>"; };
		B3C1159F2993D53D00C6BE61 /* API.strings */ = {isa = PBXFileReference; lastKnownFileType = text.plist.strings; path = API.strings; sourceTree = "<group>"; };
		B3C115A32993D59700C6BE61 /* R.generated.swift */ = {isa = PBXFileReference; fileEncoding = 4; lastKnownFileType = sourcecode.swift; path = R.generated.swift; sourceTree = SOURCE_ROOT; };
		B3C115A52993E42400C6BE61 /* Error.strings */ = {isa = PBXFileReference; lastKnownFileType = text.plist.strings; path = Error.strings; sourceTree = "<group>"; };
		B3C115A72993E50600C6BE61 /* MovieList.strings */ = {isa = PBXFileReference; lastKnownFileType = text.plist.strings; path = MovieList.strings; sourceTree = "<group>"; };
		B3C115A92993E81B00C6BE61 /* MovieViewState.strings */ = {isa = PBXFileReference; lastKnownFileType = text.plist.strings; path = MovieViewState.strings; sourceTree = "<group>"; };
		B3C8E10E298FD98F00118C7E /* MovieViewModel.swift */ = {isa = PBXFileReference; lastKnownFileType = sourcecode.swift; path = MovieViewModel.swift; sourceTree = "<group>"; };
		B3F87582298E85FF00604AC4 /* Reusable.swift */ = {isa = PBXFileReference; lastKnownFileType = sourcecode.swift; path = Reusable.swift; sourceTree = "<group>"; };
		B3F87585298E88AE00604AC4 /* MovieListDataSource.swift */ = {isa = PBXFileReference; lastKnownFileType = sourcecode.swift; path = MovieListDataSource.swift; sourceTree = "<group>"; };
		B3F87587298E8AC100604AC4 /* UICollectionView+Reusable.swift */ = {isa = PBXFileReference; lastKnownFileType = sourcecode.swift; path = "UICollectionView+Reusable.swift"; sourceTree = "<group>"; };
		B3FFC11F298ACCBB00C6BCC8 /* MovieGateway.swift */ = {isa = PBXFileReference; lastKnownFileType = sourcecode.swift; path = MovieGateway.swift; sourceTree = "<group>"; };
		B3FFC121298ACCCB00C6BCC8 /* MovieMoyaGateway.swift */ = {isa = PBXFileReference; lastKnownFileType = sourcecode.swift; path = MovieMoyaGateway.swift; sourceTree = "<group>"; };
		B3FFC125298ACD0B00C6BCC8 /* MovieService.swift */ = {isa = PBXFileReference; lastKnownFileType = sourcecode.swift; path = MovieService.swift; sourceTree = "<group>"; };
		B3FFC12B298AD60000C6BCC8 /* Movie.swift */ = {isa = PBXFileReference; lastKnownFileType = sourcecode.swift; path = Movie.swift; sourceTree = "<group>"; };
		B3FFC12D298AD61700C6BCC8 /* MovieResult.swift */ = {isa = PBXFileReference; lastKnownFileType = sourcecode.swift; path = MovieResult.swift; sourceTree = "<group>"; };
		B3FFC12F298AD83D00C6BCC8 /* MovieResultFailure.swift */ = {isa = PBXFileReference; lastKnownFileType = sourcecode.swift; path = MovieResultFailure.swift; sourceTree = "<group>"; };
		B3FFC135298ADCA300C6BCC8 /* MovieError.swift */ = {isa = PBXFileReference; lastKnownFileType = sourcecode.swift; path = MovieError.swift; sourceTree = "<group>"; };
/* End PBXFileReference section */

/* Begin PBXFrameworksBuildPhase section */
		B33A5A88298AC192000B515C /* Frameworks */ = {
			isa = PBXFrameworksBuildPhase;
			buildActionMask = 2147483647;
			files = (
				660801DC0B1B726D30343AF4 /* Pods_Study_Amet_Movie.framework in Frameworks */,
			);
			runOnlyForDeploymentPostprocessing = 0;
		};
		B39BD78A2996F5B60026C93A /* Frameworks */ = {
			isa = PBXFrameworksBuildPhase;
			buildActionMask = 2147483647;
			files = (
				1E4FAF9B9D4748AEEE46F98E /* Pods_Study_Amet_Movie_Study_Amet_MovieUnitTests.framework in Frameworks */,
			);
			runOnlyForDeploymentPostprocessing = 0;
		};
/* End PBXFrameworksBuildPhase section */

/* Begin PBXGroup section */
		B30389B5298BFA6E0059C0B4 /* Presenters */ = {
			isa = PBXGroup;
			children = (
				B30389B6298BFA7D0059C0B4 /* Movie */,
				B30389BB298BFC2E0059C0B4 /* EmptyPresenter.swift */,
				B30389BD298BFC400059C0B4 /* LoadingPresenter.swift */,
			);
			path = Presenters;
			sourceTree = "<group>";
		};
		B30389B6298BFA7D0059C0B4 /* Movie */ = {
			isa = PBXGroup;
			children = (
				B30389B7298BFA910059C0B4 /* MovieListPresenter.swift */,
				B30389B9298BFC1A0059C0B4 /* MovieErrorPresenter.swift */,
			);
			path = Movie;
			sourceTree = "<group>";
		};
		B319D777298D6ACB00CABBF9 /* Views */ = {
			isa = PBXGroup;
			children = (
				B319D778298D6ADE00CABBF9 /* Cells */,
				B3883A2429910961000C30A5 /* States */,
			);
			path = Views;
			sourceTree = "<group>";
		};
		B319D778298D6ADE00CABBF9 /* Cells */ = {
			isa = PBXGroup;
			children = (
				B319D779298D6AEB00CABBF9 /* MovieCollectionCell.swift */,
			);
			path = Cells;
			sourceTree = "<group>";
		};
		B33A5A82298AC192000B515C = {
			isa = PBXGroup;
			children = (
				B33A5A8D298AC192000B515C /* Study_Amet_Movie */,
				B39BD78E2996F5B60026C93A /* Study_Amet_MovieUnitTests */,
				B33A5A8C298AC192000B515C /* Products */,
				D8C97ABE73048C293C5E76B0 /* Pods */,
				C08653D6B5396932344CEF32 /* Frameworks */,
			);
			sourceTree = "<group>";
		};
		B33A5A8C298AC192000B515C /* Products */ = {
			isa = PBXGroup;
			children = (
				B33A5A8B298AC192000B515C /* Study_Amet_Movie.app */,
				B39BD78D2996F5B60026C93A /* Study_Amet_MovieUnitTests.xctest */,
			);
			name = Products;
			sourceTree = "<group>";
		};
		B33A5A8D298AC192000B515C /* Study_Amet_Movie */ = {
			isa = PBXGroup;
			children = (
				B33A5A9C298AC193000B515C /* Info.plist */,
				B35AA8AD298AC21300C5B28F /* Startup */,
				B35AA8AC298AC20500C5B28F /* Resources */,
				B3FFC127298AD24400C6BCC8 /* Commons */,
				B36A51CF299276C300E82C0F /* Extensions */,
				B3A76493298C598C00A94133 /* Coordinator */,
				B3FFC12A298AD5F600C6BCC8 /* Models */,
				B3C8E10D298FD98300118C7E /* ViewModels */,
				B3FFC11D298ACB7700C6BCC8 /* Request */,
				B30389B5298BFA6E0059C0B4 /* Presenters */,
				B3C115A12993D56400C6BE61 /* UseCases */,
				B3F87584298E889F00604AC4 /* DataProvider */,
				B367FEF5298D31D800B555EC /* Controllers */,
				B319D777298D6ACB00CABBF9 /* Views */,
			);
			path = Study_Amet_Movie;
			sourceTree = "<group>";
		};
		B34CF66B2998112700AAA6DA /* Fixture */ = {
			isa = PBXGroup;
			children = (
				B34CF66C2998113300AAA6DA /* Movie+Fixture.swift */,
				B34CF66E2998115100AAA6DA /* MovieResult+Fixture.swift */,
			);
			path = Fixture;
			sourceTree = "<group>";
		};
		B34CF670299813C100AAA6DA /* Mock */ = {
			isa = PBXGroup;
			children = (
				B34CF671299813C800AAA6DA /* MovieGatewayMock.swift */,
			);
			path = Mock;
			sourceTree = "<group>";
		};
		B34CF6732998165C00AAA6DA /* Spy */ = {
			isa = PBXGroup;
			children = (
				B34CF6742998166600AAA6DA /* MovieListPresenterSpy.swift */,
			);
			path = Spy;
			sourceTree = "<group>";
		};
		B35AA8AC298AC20500C5B28F /* Resources */ = {
			isa = PBXGroup;
			children = (
				B3C115A22993D58100C6BE61 /* Generated */,
				B3C1159E2993D52200C6BE61 /* Strings */,
				B33A5A97298AC193000B515C /* Assets.xcassets */,
				B33A5A99298AC193000B515C /* LaunchScreen.storyboard */,
			);
			path = Resources;
			sourceTree = "<group>";
		};
		B35AA8AD298AC21300C5B28F /* Startup */ = {
			isa = PBXGroup;
			children = (
				B33A5A90298AC192000B515C /* SceneDelegate.swift */,
			);
			path = Startup;
			sourceTree = "<group>";
		};
		B367FEF5298D31D800B555EC /* Controllers */ = {
			isa = PBXGroup;
			children = (
				B367FEF7298D31F100B555EC /* MovieListViewController.swift */,
			);
			path = Controllers;
			sourceTree = "<group>";
		};
		B36A51CF299276C300E82C0F /* Extensions */ = {
			isa = PBXGroup;
			children = (
				B3F87587298E8AC100604AC4 /* UICollectionView+Reusable.swift */,
				B3883A292991161F000C30A5 /* NSLayoutConstraint+Priority.swift */,
				B39B910C298BFDBC00A197B9 /* UIView+ActivityIndicator.swift */,
				B39B910E298BFE1900A197B9 /* UIView+Constraints.swift */,
			);
			path = Extensions;
			sourceTree = "<group>";
		};
		B3883A2429910961000C30A5 /* States */ = {
			isa = PBXGroup;
			children = (
				B3883A25299109C0000C30A5 /* MovieViewStateView.swift */,
			);
			path = States;
			sourceTree = "<group>";
		};
		B39BD78E2996F5B60026C93A /* Study_Amet_MovieUnitTests */ = {
			isa = PBXGroup;
			children = (
				B34CF66B2998112700AAA6DA /* Fixture */,
				B34CF6732998165C00AAA6DA /* Spy */,
				B34CF670299813C100AAA6DA /* Mock */,
				B39BD7972996F8AD0026C93A /* Specs */,
				B39BD7912996F5B60026C93A /* Info.plist */,
			);
			path = Study_Amet_MovieUnitTests;
			sourceTree = "<group>";
		};
		B39BD7972996F8AD0026C93A /* Specs */ = {
			isa = PBXGroup;
			children = (
				B39BD78F2996F5B60026C93A /* GetMovieSearchUseCaseSpec.swift */,
			);
			path = Specs;
			sourceTree = "<group>";
		};
		B3A76493298C598C00A94133 /* Coordinator */ = {
			isa = PBXGroup;
			children = (
				B3A76494298C599600A94133 /* Coordinator.swift */,
				B3A76496298C59A400A94133 /* ApplicationCoordinator.swift */,
				B3A76498298C59BC00A94133 /* MovieListCoordinator.swift */,
			);
			path = Coordinator;
			sourceTree = "<group>";
		};
		B3C1159E2993D52200C6BE61 /* Strings */ = {
			isa = PBXGroup;
			children = (
				B3C1159F2993D53D00C6BE61 /* API.strings */,
				B3C115A52993E42400C6BE61 /* Error.strings */,
				B3C115A72993E50600C6BE61 /* MovieList.strings */,
				B3C115A92993E81B00C6BE61 /* MovieViewState.strings */,
			);
			path = Strings;
			sourceTree = "<group>";
		};
		B3C115A12993D56400C6BE61 /* UseCases */ = {
			isa = PBXGroup;
			children = (
				B304ECC0298C047700FE75F9 /* GetMovieSearchUseCase.swift */,
			);
			path = UseCases;
			sourceTree = "<group>";
		};
		B3C115A22993D58100C6BE61 /* Generated */ = {
			isa = PBXGroup;
			children = (
				B3C115A32993D59700C6BE61 /* R.generated.swift */,
			);
			path = Generated;
			sourceTree = "<group>";
		};
		B3C8E10D298FD98300118C7E /* ViewModels */ = {
			isa = PBXGroup;
			children = (
				B3C8E10E298FD98F00118C7E /* MovieViewModel.swift */,
			);
			path = ViewModels;
			sourceTree = "<group>";
		};
		B3F87584298E889F00604AC4 /* DataProvider */ = {
			isa = PBXGroup;
			children = (
				B3F87585298E88AE00604AC4 /* MovieListDataSource.swift */,
			);
			path = DataProvider;
			sourceTree = "<group>";
		};
		B3FFC11D298ACB7700C6BCC8 /* Request */ = {
			isa = PBXGroup;
			children = (
				B3FFC133298ADC6D00C6BCC8 /* Movie */,
			);
			path = Request;
			sourceTree = "<group>";
		};
		B3FFC11E298ACB8600C6BCC8 /* Gateways */ = {
			isa = PBXGroup;
			children = (
				B3FFC123298ACCD900C6BCC8 /* Protocol */,
				B3FFC121298ACCCB00C6BCC8 /* MovieMoyaGateway.swift */,
			);
			path = Gateways;
			sourceTree = "<group>";
		};
		B3FFC123298ACCD900C6BCC8 /* Protocol */ = {
			isa = PBXGroup;
			children = (
				B3FFC11F298ACCBB00C6BCC8 /* MovieGateway.swift */,
			);
			path = Protocol;
			sourceTree = "<group>";
		};
		B3FFC124298ACCF800C6BCC8 /* Services */ = {
			isa = PBXGroup;
			children = (
				B3FFC125298ACD0B00C6BCC8 /* MovieService.swift */,
			);
			path = Services;
			sourceTree = "<group>";
		};
		B3FFC127298AD24400C6BCC8 /* Commons */ = {
			isa = PBXGroup;
			children = (
				B367FEF9298D496600B555EC /* Space.swift */,
				B3F87582298E85FF00604AC4 /* Reusable.swift */,
				B34CF6692998053A00AAA6DA /* Result.swift */,
			);
			path = Commons;
			sourceTree = "<group>";
		};
		B3FFC12A298AD5F600C6BCC8 /* Models */ = {
			isa = PBXGroup;
			children = (
				B3FFC12B298AD60000C6BCC8 /* Movie.swift */,
				B3FFC12D298AD61700C6BCC8 /* MovieResult.swift */,
				B3FFC12F298AD83D00C6BCC8 /* MovieResultFailure.swift */,
				B3FFC135298ADCA300C6BCC8 /* MovieError.swift */,
				B3883A2729910A08000C30A5 /* MovieViewState.swift */,
			);
			path = Models;
			sourceTree = "<group>";
		};
		B3FFC133298ADC6D00C6BCC8 /* Movie */ = {
			isa = PBXGroup;
			children = (
				B3FFC11E298ACB8600C6BCC8 /* Gateways */,
				B3FFC124298ACCF800C6BCC8 /* Services */,
			);
			path = Movie;
			sourceTree = "<group>";
		};
		C08653D6B5396932344CEF32 /* Frameworks */ = {
			isa = PBXGroup;
			children = (
				9954D3F22DF9F6AFA7556240 /* Pods_Study_Amet_Movie.framework */,
				0739E54C8FE1CEA756FB4A86 /* Pods_Study_Amet_Movie_Study_Amet_MovieUnitTests.framework */,
			);
			name = Frameworks;
			sourceTree = "<group>";
		};
		D8C97ABE73048C293C5E76B0 /* Pods */ = {
			isa = PBXGroup;
			children = (
				0986534DFFB8DBE375BFCE42 /* Pods-Study_Amet_Movie.debug.xcconfig */,
				12BF91645831DE8F22E4E549 /* Pods-Study_Amet_Movie.release.xcconfig */,
				8BAE1CF63FF8F67924058C2C /* Pods-Study_Amet_Movie-Study_Amet_MovieUnitTests.debug.xcconfig */,
				150514FB32C1B35F27206B4D /* Pods-Study_Amet_Movie-Study_Amet_MovieUnitTests.release.xcconfig */,
			);
			path = Pods;
			sourceTree = "<group>";
		};
/* End PBXGroup section */

/* Begin PBXNativeTarget section */
		B33A5A8A298AC192000B515C /* Study_Amet_Movie */ = {
			isa = PBXNativeTarget;
			buildConfigurationList = B33A5A9F298AC193000B515C /* Build configuration list for PBXNativeTarget "Study_Amet_Movie" */;
			buildPhases = (
				2EDDFBEDC053D194D37E1192 /* [CP] Check Pods Manifest.lock */,
				B3AB87712993CF6C007B7B9C /* ShellScript */,
				B33A5A87298AC192000B515C /* Sources */,
				B33A5A88298AC192000B515C /* Frameworks */,
				B33A5A89298AC192000B515C /* Resources */,
				5C80ED6DEE5B699BBD9D7114 /* [CP] Embed Pods Frameworks */,
			);
			buildRules = (
			);
			dependencies = (
			);
			name = Study_Amet_Movie;
			productName = Study_Amet_Movie;
			productReference = B33A5A8B298AC192000B515C /* Study_Amet_Movie.app */;
			productType = "com.apple.product-type.application";
		};
		B39BD78C2996F5B60026C93A /* Study_Amet_MovieUnitTests */ = {
			isa = PBXNativeTarget;
			buildConfigurationList = B39BD7942996F5B60026C93A /* Build configuration list for PBXNativeTarget "Study_Amet_MovieUnitTests" */;
			buildPhases = (
				426FA4178C50CB9D4ADECD7D /* [CP] Check Pods Manifest.lock */,
				B39BD7892996F5B60026C93A /* Sources */,
				B39BD78A2996F5B60026C93A /* Frameworks */,
				B39BD78B2996F5B60026C93A /* Resources */,
				FBAE28E47E7472B68E197EF5 /* [CP] Embed Pods Frameworks */,
			);
			buildRules = (
			);
			dependencies = (
				B39BD7932996F5B60026C93A /* PBXTargetDependency */,
			);
			name = Study_Amet_MovieUnitTests;
			productName = Study_Amet_MovieUnitTests;
			productReference = B39BD78D2996F5B60026C93A /* Study_Amet_MovieUnitTests.xctest */;
			productType = "com.apple.product-type.bundle.unit-test";
		};
/* End PBXNativeTarget section */

/* Begin PBXProject section */
		B33A5A83298AC192000B515C /* Project object */ = {
			isa = PBXProject;
			attributes = {
				LastSwiftUpdateCheck = 1250;
				LastUpgradeCheck = 1250;
				TargetAttributes = {
					B33A5A8A298AC192000B515C = {
						CreatedOnToolsVersion = 12.5;
					};
					B39BD78C2996F5B60026C93A = {
						CreatedOnToolsVersion = 12.5;
						TestTargetID = B33A5A8A298AC192000B515C;
					};
				};
			};
			buildConfigurationList = B33A5A86298AC192000B515C /* Build configuration list for PBXProject "Study_Amet_Movie" */;
			compatibilityVersion = "Xcode 9.3";
			developmentRegion = en;
			hasScannedForEncodings = 0;
			knownRegions = (
				en,
				Base,
			);
			mainGroup = B33A5A82298AC192000B515C;
			productRefGroup = B33A5A8C298AC192000B515C /* Products */;
			projectDirPath = "";
			projectRoot = "";
			targets = (
				B33A5A8A298AC192000B515C /* Study_Amet_Movie */,
				B39BD78C2996F5B60026C93A /* Study_Amet_MovieUnitTests */,
			);
		};
/* End PBXProject section */

/* Begin PBXResourcesBuildPhase section */
		B33A5A89298AC192000B515C /* Resources */ = {
			isa = PBXResourcesBuildPhase;
			buildActionMask = 2147483647;
			files = (
				B33A5A9B298AC193000B515C /* LaunchScreen.storyboard in Resources */,
				B3C115A82993E50600C6BE61 /* MovieList.strings in Resources */,
				B3C115AA2993E81B00C6BE61 /* MovieViewState.strings in Resources */,
				B33A5A98298AC193000B515C /* Assets.xcassets in Resources */,
				B3C115A02993D53D00C6BE61 /* API.strings in Resources */,
				B3C115A62993E42400C6BE61 /* Error.strings in Resources */,
			);
			runOnlyForDeploymentPostprocessing = 0;
		};
		B39BD78B2996F5B60026C93A /* Resources */ = {
			isa = PBXResourcesBuildPhase;
			buildActionMask = 2147483647;
			files = (
			);
			runOnlyForDeploymentPostprocessing = 0;
		};
/* End PBXResourcesBuildPhase section */

/* Begin PBXShellScriptBuildPhase section */
		2EDDFBEDC053D194D37E1192 /* [CP] Check Pods Manifest.lock */ = {
			isa = PBXShellScriptBuildPhase;
			buildActionMask = 2147483647;
			files = (
			);
			inputFileListPaths = (
			);
			inputPaths = (
				"${PODS_PODFILE_DIR_PATH}/Podfile.lock",
				"${PODS_ROOT}/Manifest.lock",
			);
			name = "[CP] Check Pods Manifest.lock";
			outputFileListPaths = (
			);
			outputPaths = (
				"$(DERIVED_FILE_DIR)/Pods-Study_Amet_Movie-checkManifestLockResult.txt",
			);
			runOnlyForDeploymentPostprocessing = 0;
			shellPath = /bin/sh;
			shellScript = "diff \"${PODS_PODFILE_DIR_PATH}/Podfile.lock\" \"${PODS_ROOT}/Manifest.lock\" > /dev/null\nif [ $? != 0 ] ; then\n    # print error to STDERR\n    echo \"error: The sandbox is not in sync with the Podfile.lock. Run 'pod install' or update your CocoaPods installation.\" >&2\n    exit 1\nfi\n# This output is used by Xcode 'outputs' to avoid re-running this script phase.\necho \"SUCCESS\" > \"${SCRIPT_OUTPUT_FILE_0}\"\n";
			showEnvVarsInLog = 0;
		};
		426FA4178C50CB9D4ADECD7D /* [CP] Check Pods Manifest.lock */ = {
			isa = PBXShellScriptBuildPhase;
			buildActionMask = 2147483647;
			files = (
			);
			inputFileListPaths = (
			);
			inputPaths = (
				"${PODS_PODFILE_DIR_PATH}/Podfile.lock",
				"${PODS_ROOT}/Manifest.lock",
			);
			name = "[CP] Check Pods Manifest.lock";
			outputFileListPaths = (
			);
			outputPaths = (
				"$(DERIVED_FILE_DIR)/Pods-Study_Amet_Movie-Study_Amet_MovieUnitTests-checkManifestLockResult.txt",
			);
			runOnlyForDeploymentPostprocessing = 0;
			shellPath = /bin/sh;
			shellScript = "diff \"${PODS_PODFILE_DIR_PATH}/Podfile.lock\" \"${PODS_ROOT}/Manifest.lock\" > /dev/null\nif [ $? != 0 ] ; then\n    # print error to STDERR\n    echo \"error: The sandbox is not in sync with the Podfile.lock. Run 'pod install' or update your CocoaPods installation.\" >&2\n    exit 1\nfi\n# This output is used by Xcode 'outputs' to avoid re-running this script phase.\necho \"SUCCESS\" > \"${SCRIPT_OUTPUT_FILE_0}\"\n";
			showEnvVarsInLog = 0;
		};
		5C80ED6DEE5B699BBD9D7114 /* [CP] Embed Pods Frameworks */ = {
			isa = PBXShellScriptBuildPhase;
			buildActionMask = 2147483647;
			files = (
			);
			inputFileListPaths = (
				"${PODS_ROOT}/Target Support Files/Pods-Study_Amet_Movie/Pods-Study_Amet_Movie-frameworks-${CONFIGURATION}-input-files.xcfilelist",
			);
			name = "[CP] Embed Pods Frameworks";
			outputFileListPaths = (
				"${PODS_ROOT}/Target Support Files/Pods-Study_Amet_Movie/Pods-Study_Amet_Movie-frameworks-${CONFIGURATION}-output-files.xcfilelist",
			);
			runOnlyForDeploymentPostprocessing = 0;
			shellPath = /bin/sh;
			shellScript = "\"${PODS_ROOT}/Target Support Files/Pods-Study_Amet_Movie/Pods-Study_Amet_Movie-frameworks.sh\"\n";
			showEnvVarsInLog = 0;
		};
		B3AB87712993CF6C007B7B9C /* ShellScript */ = {
			isa = PBXShellScriptBuildPhase;
			alwaysOutOfDate = 1;
			buildActionMask = 2147483647;
			files = (
			);
			inputFileListPaths = (
			);
			inputPaths = (
				"$TEMP_DIR/rswift-lastrun",
			);
			outputFileListPaths = (
			);
			outputPaths = (
				$SRCROOT/R.generated.swift,
			);
			runOnlyForDeploymentPostprocessing = 0;
			shellPath = /bin/sh;
			shellScript = "\"$PODS_ROOT/R.swift/rswift\" generate \"$SRCROOT/R.generated.swift\"\n";
		};
		FBAE28E47E7472B68E197EF5 /* [CP] Embed Pods Frameworks */ = {
			isa = PBXShellScriptBuildPhase;
			buildActionMask = 2147483647;
			files = (
			);
			inputFileListPaths = (
				"${PODS_ROOT}/Target Support Files/Pods-Study_Amet_Movie-Study_Amet_MovieUnitTests/Pods-Study_Amet_Movie-Study_Amet_MovieUnitTests-frameworks-${CONFIGURATION}-input-files.xcfilelist",
			);
			name = "[CP] Embed Pods Frameworks";
			outputFileListPaths = (
				"${PODS_ROOT}/Target Support Files/Pods-Study_Amet_Movie-Study_Amet_MovieUnitTests/Pods-Study_Amet_Movie-Study_Amet_MovieUnitTests-frameworks-${CONFIGURATION}-output-files.xcfilelist",
			);
			runOnlyForDeploymentPostprocessing = 0;
			shellPath = /bin/sh;
			shellScript = "\"${PODS_ROOT}/Target Support Files/Pods-Study_Amet_Movie-Study_Amet_MovieUnitTests/Pods-Study_Amet_Movie-Study_Amet_MovieUnitTests-frameworks.sh\"\n";
			showEnvVarsInLog = 0;
		};
/* End PBXShellScriptBuildPhase section */

/* Begin PBXSourcesBuildPhase section */
		B33A5A87298AC192000B515C /* Sources */ = {
			isa = PBXSourcesBuildPhase;
			buildActionMask = 2147483647;
			files = (
				B319D77A298D6AEB00CABBF9 /* MovieCollectionCell.swift in Sources */,
				B3FFC12E298AD61700C6BCC8 /* MovieResult.swift in Sources */,
				B3883A26299109C0000C30A5 /* MovieViewStateView.swift in Sources */,
				B367FEFA298D496600B555EC /* Space.swift in Sources */,
				B30389BC298BFC2E0059C0B4 /* EmptyPresenter.swift in Sources */,
				B3FFC130298AD83D00C6BCC8 /* MovieResultFailure.swift in Sources */,
				B34CF66A2998053A00AAA6DA /* Result.swift in Sources */,
				B3883A2829910A08000C30A5 /* MovieViewState.swift in Sources */,
				B33A5A91298AC192000B515C /* SceneDelegate.swift in Sources */,
				B3A76497298C59A400A94133 /* ApplicationCoordinator.swift in Sources */,
				B304ECC1298C047700FE75F9 /* GetMovieSearchUseCase.swift in Sources */,
				B3883A2A2991161F000C30A5 /* NSLayoutConstraint+Priority.swift in Sources */,
				B3A76499298C59BC00A94133 /* MovieListCoordinator.swift in Sources */,
				B39B910D298BFDBC00A197B9 /* UIView+ActivityIndicator.swift in Sources */,
				B3F87586298E88AE00604AC4 /* MovieListDataSource.swift in Sources */,
				B3FFC12C298AD60000C6BCC8 /* Movie.swift in Sources */,
				B3FFC122298ACCCB00C6BCC8 /* MovieMoyaGateway.swift in Sources */,
				B3C115A42993D59700C6BE61 /* R.generated.swift in Sources */,
				B367FEF8298D31F100B555EC /* MovieListViewController.swift in Sources */,
				B3F87583298E85FF00604AC4 /* Reusable.swift in Sources */,
				B3F87588298E8AC100604AC4 /* UICollectionView+Reusable.swift in Sources */,
				B30389BE298BFC400059C0B4 /* LoadingPresenter.swift in Sources */,
				B3A76495298C599600A94133 /* Coordinator.swift in Sources */,
				B3FFC126298ACD0B00C6BCC8 /* MovieService.swift in Sources */,
				B30389BA298BFC1A0059C0B4 /* MovieErrorPresenter.swift in Sources */,
				B3FFC120298ACCBB00C6BCC8 /* MovieGateway.swift in Sources */,
				B39B910F298BFE1900A197B9 /* UIView+Constraints.swift in Sources */,
				B3C8E10F298FD98F00118C7E /* MovieViewModel.swift in Sources */,
				B3FFC136298ADCA300C6BCC8 /* MovieError.swift in Sources */,
				B30389B8298BFA910059C0B4 /* MovieListPresenter.swift in Sources */,
			);
			runOnlyForDeploymentPostprocessing = 0;
		};
		B39BD7892996F5B60026C93A /* Sources */ = {
			isa = PBXSourcesBuildPhase;
			buildActionMask = 2147483647;
			files = (
				B34CF66F2998115100AAA6DA /* MovieResult+Fixture.swift in Sources */,
				B34CF6752998166600AAA6DA /* MovieListPresenterSpy.swift in Sources */,
				B34CF672299813C800AAA6DA /* MovieGatewayMock.swift in Sources */,
				B34CF66D2998113300AAA6DA /* Movie+Fixture.swift in Sources */,
				B39BD7902996F5B60026C93A /* GetMovieSearchUseCaseSpec.swift in Sources */,
			);
			runOnlyForDeploymentPostprocessing = 0;
		};
/* End PBXSourcesBuildPhase section */

/* Begin PBXTargetDependency section */
		B39BD7932996F5B60026C93A /* PBXTargetDependency */ = {
			isa = PBXTargetDependency;
			target = B33A5A8A298AC192000B515C /* Study_Amet_Movie */;
			targetProxy = B39BD7922996F5B60026C93A /* PBXContainerItemProxy */;
		};
/* End PBXTargetDependency section */

/* Begin PBXVariantGroup section */
		B33A5A99298AC193000B515C /* LaunchScreen.storyboard */ = {
			isa = PBXVariantGroup;
			children = (
				B33A5A9A298AC193000B515C /* Base */,
			);
			name = LaunchScreen.storyboard;
			sourceTree = "<group>";
		};
/* End PBXVariantGroup section */

/* Begin XCBuildConfiguration section */
		B33A5A9D298AC193000B515C /* Debug */ = {
			isa = XCBuildConfiguration;
			buildSettings = {
				ALWAYS_SEARCH_USER_PATHS = NO;
				CLANG_ANALYZER_NONNULL = YES;
				CLANG_ANALYZER_NUMBER_OBJECT_CONVERSION = YES_AGGRESSIVE;
				CLANG_CXX_LANGUAGE_STANDARD = "gnu++14";
				CLANG_CXX_LIBRARY = "libc++";
				CLANG_ENABLE_MODULES = YES;
				CLANG_ENABLE_OBJC_ARC = YES;
				CLANG_ENABLE_OBJC_WEAK = YES;
				CLANG_WARN_BLOCK_CAPTURE_AUTORELEASING = YES;
				CLANG_WARN_BOOL_CONVERSION = YES;
				CLANG_WARN_COMMA = YES;
				CLANG_WARN_CONSTANT_CONVERSION = YES;
				CLANG_WARN_DEPRECATED_OBJC_IMPLEMENTATIONS = YES;
				CLANG_WARN_DIRECT_OBJC_ISA_USAGE = YES_ERROR;
				CLANG_WARN_DOCUMENTATION_COMMENTS = YES;
				CLANG_WARN_EMPTY_BODY = YES;
				CLANG_WARN_ENUM_CONVERSION = YES;
				CLANG_WARN_INFINITE_RECURSION = YES;
				CLANG_WARN_INT_CONVERSION = YES;
				CLANG_WARN_NON_LITERAL_NULL_CONVERSION = YES;
				CLANG_WARN_OBJC_IMPLICIT_RETAIN_SELF = YES;
				CLANG_WARN_OBJC_LITERAL_CONVERSION = YES;
				CLANG_WARN_OBJC_ROOT_CLASS = YES_ERROR;
				CLANG_WARN_QUOTED_INCLUDE_IN_FRAMEWORK_HEADER = YES;
				CLANG_WARN_RANGE_LOOP_ANALYSIS = YES;
				CLANG_WARN_STRICT_PROTOTYPES = YES;
				CLANG_WARN_SUSPICIOUS_MOVE = YES;
				CLANG_WARN_UNGUARDED_AVAILABILITY = YES_AGGRESSIVE;
				CLANG_WARN_UNREACHABLE_CODE = YES;
				CLANG_WARN__DUPLICATE_METHOD_MATCH = YES;
				COPY_PHASE_STRIP = NO;
				DEBUG_INFORMATION_FORMAT = dwarf;
				ENABLE_STRICT_OBJC_MSGSEND = YES;
				ENABLE_TESTABILITY = YES;
				GCC_C_LANGUAGE_STANDARD = gnu11;
				GCC_DYNAMIC_NO_PIC = NO;
				GCC_NO_COMMON_BLOCKS = YES;
				GCC_OPTIMIZATION_LEVEL = 0;
				GCC_PREPROCESSOR_DEFINITIONS = (
					"DEBUG=1",
					"$(inherited)",
				);
				GCC_WARN_64_TO_32_BIT_CONVERSION = YES;
				GCC_WARN_ABOUT_RETURN_TYPE = YES_ERROR;
				GCC_WARN_UNDECLARED_SELECTOR = YES;
				GCC_WARN_UNINITIALIZED_AUTOS = YES_AGGRESSIVE;
				GCC_WARN_UNUSED_FUNCTION = YES;
				GCC_WARN_UNUSED_VARIABLE = YES;
				IPHONEOS_DEPLOYMENT_TARGET = 14.5;
				MTL_ENABLE_DEBUG_INFO = INCLUDE_SOURCE;
				MTL_FAST_MATH = YES;
				ONLY_ACTIVE_ARCH = YES;
				SDKROOT = iphoneos;
				SWIFT_ACTIVE_COMPILATION_CONDITIONS = DEBUG;
				SWIFT_OPTIMIZATION_LEVEL = "-Onone";
			};
			name = Debug;
		};
		B33A5A9E298AC193000B515C /* Release */ = {
			isa = XCBuildConfiguration;
			buildSettings = {
				ALWAYS_SEARCH_USER_PATHS = NO;
				CLANG_ANALYZER_NONNULL = YES;
				CLANG_ANALYZER_NUMBER_OBJECT_CONVERSION = YES_AGGRESSIVE;
				CLANG_CXX_LANGUAGE_STANDARD = "gnu++14";
				CLANG_CXX_LIBRARY = "libc++";
				CLANG_ENABLE_MODULES = YES;
				CLANG_ENABLE_OBJC_ARC = YES;
				CLANG_ENABLE_OBJC_WEAK = YES;
				CLANG_WARN_BLOCK_CAPTURE_AUTORELEASING = YES;
				CLANG_WARN_BOOL_CONVERSION = YES;
				CLANG_WARN_COMMA = YES;
				CLANG_WARN_CONSTANT_CONVERSION = YES;
				CLANG_WARN_DEPRECATED_OBJC_IMPLEMENTATIONS = YES;
				CLANG_WARN_DIRECT_OBJC_ISA_USAGE = YES_ERROR;
				CLANG_WARN_DOCUMENTATION_COMMENTS = YES;
				CLANG_WARN_EMPTY_BODY = YES;
				CLANG_WARN_ENUM_CONVERSION = YES;
				CLANG_WARN_INFINITE_RECURSION = YES;
				CLANG_WARN_INT_CONVERSION = YES;
				CLANG_WARN_NON_LITERAL_NULL_CONVERSION = YES;
				CLANG_WARN_OBJC_IMPLICIT_RETAIN_SELF = YES;
				CLANG_WARN_OBJC_LITERAL_CONVERSION = YES;
				CLANG_WARN_OBJC_ROOT_CLASS = YES_ERROR;
				CLANG_WARN_QUOTED_INCLUDE_IN_FRAMEWORK_HEADER = YES;
				CLANG_WARN_RANGE_LOOP_ANALYSIS = YES;
				CLANG_WARN_STRICT_PROTOTYPES = YES;
				CLANG_WARN_SUSPICIOUS_MOVE = YES;
				CLANG_WARN_UNGUARDED_AVAILABILITY = YES_AGGRESSIVE;
				CLANG_WARN_UNREACHABLE_CODE = YES;
				CLANG_WARN__DUPLICATE_METHOD_MATCH = YES;
				COPY_PHASE_STRIP = NO;
				DEBUG_INFORMATION_FORMAT = "dwarf-with-dsym";
				ENABLE_NS_ASSERTIONS = NO;
				ENABLE_STRICT_OBJC_MSGSEND = YES;
				GCC_C_LANGUAGE_STANDARD = gnu11;
				GCC_NO_COMMON_BLOCKS = YES;
				GCC_WARN_64_TO_32_BIT_CONVERSION = YES;
				GCC_WARN_ABOUT_RETURN_TYPE = YES_ERROR;
				GCC_WARN_UNDECLARED_SELECTOR = YES;
				GCC_WARN_UNINITIALIZED_AUTOS = YES_AGGRESSIVE;
				GCC_WARN_UNUSED_FUNCTION = YES;
				GCC_WARN_UNUSED_VARIABLE = YES;
				IPHONEOS_DEPLOYMENT_TARGET = 14.5;
				MTL_ENABLE_DEBUG_INFO = NO;
				MTL_FAST_MATH = YES;
				SDKROOT = iphoneos;
				SWIFT_COMPILATION_MODE = wholemodule;
				SWIFT_OPTIMIZATION_LEVEL = "-O";
				VALIDATE_PRODUCT = YES;
			};
			name = Release;
		};
		B33A5AA0298AC193000B515C /* Debug */ = {
			isa = XCBuildConfiguration;
			baseConfigurationReference = 0986534DFFB8DBE375BFCE42 /* Pods-Study_Amet_Movie.debug.xcconfig */;
			buildSettings = {
				ASSETCATALOG_COMPILER_APPICON_NAME = AppIcon;
				ASSETCATALOG_COMPILER_GLOBAL_ACCENT_COLOR_NAME = AccentColor;
				CODE_SIGN_STYLE = Automatic;
				DEVELOPMENT_TEAM = 383BHFC3TN;
				INFOPLIST_FILE = Study_Amet_Movie/Info.plist;
				LD_RUNPATH_SEARCH_PATHS = (
					"$(inherited)",
					"@executable_path/Frameworks",
				);
				PRODUCT_BUNDLE_IDENTIFIER = "leonardo-canhette.Study-Amet-Movie";
				PRODUCT_NAME = "$(TARGET_NAME)";
				SWIFT_VERSION = 5.0;
				TARGETED_DEVICE_FAMILY = 1;
			};
			name = Debug;
		};
		B33A5AA1298AC193000B515C /* Release */ = {
			isa = XCBuildConfiguration;
			baseConfigurationReference = 12BF91645831DE8F22E4E549 /* Pods-Study_Amet_Movie.release.xcconfig */;
			buildSettings = {
				ASSETCATALOG_COMPILER_APPICON_NAME = AppIcon;
				ASSETCATALOG_COMPILER_GLOBAL_ACCENT_COLOR_NAME = AccentColor;
				CODE_SIGN_STYLE = Automatic;
				DEVELOPMENT_TEAM = 383BHFC3TN;
				INFOPLIST_FILE = Study_Amet_Movie/Info.plist;
				LD_RUNPATH_SEARCH_PATHS = (
					"$(inherited)",
					"@executable_path/Frameworks",
				);
				PRODUCT_BUNDLE_IDENTIFIER = "leonardo-canhette.Study-Amet-Movie";
				PRODUCT_NAME = "$(TARGET_NAME)";
				SWIFT_VERSION = 5.0;
				TARGETED_DEVICE_FAMILY = 1;
			};
			name = Release;
		};
		B39BD7952996F5B60026C93A /* Debug */ = {
			isa = XCBuildConfiguration;
			baseConfigurationReference = 8BAE1CF63FF8F67924058C2C /* Pods-Study_Amet_Movie-Study_Amet_MovieUnitTests.debug.xcconfig */;
			buildSettings = {
				BUNDLE_LOADER = "$(TEST_HOST)";
				CODE_SIGN_STYLE = Automatic;
				DEVELOPMENT_TEAM = 383BHFC3TN;
				INFOPLIST_FILE = Study_Amet_MovieUnitTests/Info.plist;
				LD_RUNPATH_SEARCH_PATHS = (
					"$(inherited)",
					"@executable_path/Frameworks",
					"@loader_path/Frameworks",
				);
				PRODUCT_BUNDLE_IDENTIFIER = "leonardo.canhette.Study-Amet-MovieUnitTests";
				PRODUCT_NAME = "$(TARGET_NAME)";
				SWIFT_VERSION = 5.0;
				TARGETED_DEVICE_FAMILY = "1,2";
				TEST_HOST = "$(BUILT_PRODUCTS_DIR)/Study_Amet_Movie.app/Study_Amet_Movie";
			};
			name = Debug;
		};
		B39BD7962996F5B60026C93A /* Release */ = {
			isa = XCBuildConfiguration;
			baseConfigurationReference = 150514FB32C1B35F27206B4D /* Pods-Study_Amet_Movie-Study_Amet_MovieUnitTests.release.xcconfig */;
			buildSettings = {
				BUNDLE_LOADER = "$(TEST_HOST)";
				CODE_SIGN_STYLE = Automatic;
				DEVELOPMENT_TEAM = 383BHFC3TN;
				INFOPLIST_FILE = Study_Amet_MovieUnitTests/Info.plist;
				LD_RUNPATH_SEARCH_PATHS = (
					"$(inherited)",
					"@executable_path/Frameworks",
					"@loader_path/Frameworks",
				);
				PRODUCT_BUNDLE_IDENTIFIER = "leonardo.canhette.Study-Amet-MovieUnitTests";
				PRODUCT_NAME = "$(TARGET_NAME)";
				SWIFT_VERSION = 5.0;
				TARGETED_DEVICE_FAMILY = "1,2";
				TEST_HOST = "$(BUILT_PRODUCTS_DIR)/Study_Amet_Movie.app/Study_Amet_Movie";
			};
			name = Release;
		};
/* End XCBuildConfiguration section */

/* Begin XCConfigurationList section */
		B33A5A86298AC192000B515C /* Build configuration list for PBXProject "Study_Amet_Movie" */ = {
			isa = XCConfigurationList;
			buildConfigurations = (
				B33A5A9D298AC193000B515C /* Debug */,
				B33A5A9E298AC193000B515C /* Release */,
			);
			defaultConfigurationIsVisible = 0;
			defaultConfigurationName = Release;
		};
		B33A5A9F298AC193000B515C /* Build configuration list for PBXNativeTarget "Study_Amet_Movie" */ = {
			isa = XCConfigurationList;
			buildConfigurations = (
				B33A5AA0298AC193000B515C /* Debug */,
				B33A5AA1298AC193000B515C /* Release */,
			);
			defaultConfigurationIsVisible = 0;
			defaultConfigurationName = Release;
		};
		B39BD7942996F5B60026C93A /* Build configuration list for PBXNativeTarget "Study_Amet_MovieUnitTests" */ = {
			isa = XCConfigurationList;
			buildConfigurations = (
				B39BD7952996F5B60026C93A /* Debug */,
				B39BD7962996F5B60026C93A /* Release */,
			);
			defaultConfigurationIsVisible = 0;
			defaultConfigurationName = Release;
		};
/* End XCConfigurationList section */
	};
	rootObject = B33A5A83298AC192000B515C /* Project object */;
}
